github.com/google/uuid v1.3.0 h1:t6JiXgmwXMjEs8VusXIJk2BXHsn+wx8BZdTaoZ5fu7I=
github.com/google/uuid v1.3.0/go.mod h1:TIyPZe4MgqvfeYDBFedMoGGpEw/LqOeaOT+nhxU+yHo=
github.com/lib/pq v1.10.9 h1:YXG7RB+JIjhP29X+OtkiDnYaXQwpS4JEWq7dtCCRUEw=
github.com/lib/pq v1.10.9/go.mod h1:AlVN5x4E4T544tWzH6hKfbfQvm3HdbOxrmggDNAPY9o=
github.com/sebastianring/simulationgame v0.1.2 h1:c/AfcpXwLDeRQrHsJttc4h6Le9f5KzC+6thXTXP+/h8=
github.com/sebastianring/simulationgame v0.1.2/go.mod h1:cI4vMt19xsWDxGcoDByYxZEeH2GDKlVIqFCt2TVHZRk=
github.com/sebastianring/simulationgame v0.1.3 h1:IChilH9588qF8ln5u0lLiaYv2wyAknt8Yd9mgQDvRzk=
github.com/sebastianring/simulationgame v0.1.3/go.mod h1:cI4vMt19xsWDxGcoDByYxZEeH2GDKlVIqFCt2TVHZRk=
github.com/sebastianring/simulationgame v0.1.4 h1:6RkKKQ2HyaKd9Sui71rA9xwnRgkFvQzKiYcz0HzdIig=
github.com/sebastianring/simulationgame v0.1.4/go.mod h1:cI4vMt19xsWDxGcoDByYxZEeH2GDKlVIqFCt2TVHZRk=
github.com/sebastianring/simulationgame v0.1.41 h1:NXwnc1vYNaf85g8ghmt8xJXaZs34AHZu+0zsRSIPZy0=
github.com/sebastianring/simulationgame v0.1.41/go.mod h1:cI4vMt19xsWDxGcoDByYxZEeH2GDKlVIqFCt2TVHZRk=
github.com/sebastianring/simulationgame v0.1.42 h1:BCwD5wI8/IINta8zAHyYZB/NbOx3dwAFAZnV60EvGPQ=
github.com/sebastianring/simulationgame v0.1.42/go.mod h1:cI4vMt19xsWDxGcoDByYxZEeH2GDKlVIqFCt2TVHZRk=
github.com/sebastianring/simulationgame v0.1.43 h1:y+WOIxZYtjMime4Fi1DVbKYskqvg3Zps0wAQplrV+So=
github.com/sebastianring/simulationgame v0.1.43/go.mod h1:cI4vMt19xsWDxGcoDByYxZEeH2GDKlVIqFCt2TVHZRk=
github.com/sebastianring/simulationgame v0.1.44 h1:Dxirs63NMf/PTaXwba3V01qQmM3ckhmF0sqOWW//nQw=
github.com/sebastianring/simulationgame v0.1.44/go.mod h1:cI4vMt19xsWDxGcoDByYxZEeH2GDKlVIqFCt2TVHZRk=
