github.com/google/uuid v1.3.0 h1:t6JiXgmwXMjEs8VusXIJk2BXHsn+wx8BZdTaoZ5fu7I=
github.com/google/uuid v1.3.0/go.mod h1:TIyPZe4MgqvfeYDBFedMoGGpEw/LqOeaOT+nhxU+yHo=
github.com/google/uuid v1.3.1 h1:KjJaJ9iWZ3jOFZIf1Lqf4laDRCasjl0BCmnEGxkdLb4=
github.com/google/uuid v1.3.1/go.mod h1:TIyPZe4MgqvfeYDBFedMoGGpEw/LqOeaOT+nhxU+yHo=
github.com/gorilla/mux v1.8.0 h1:i40aqfkR1h2SlN9hojwV5ZA91wcXFOvkdNIeFDP5koI=
github.com/gorilla/mux v1.8.0/go.mod h1:DVbg23sWSpFRCP0SfiEN6jmj59UnW/n46BH5rLB71So=
github.com/lib/pq v1.10.9 h1:YXG7RB+JIjhP29X+OtkiDnYaXQwpS4JEWq7dtCCRUEw=
github.com/lib/pq v1.10.9/go.mod h1:AlVN5x4E4T544tWzH6hKfbfQvm3HdbOxrmggDNAPY9o=
github.com/sebastianring/simulationgame v0.1.45 h1:7dTjdRgcwrDnaMxJKTvjtaaWIyzpDrYMkJuuM/Ji9pY=
github.com/sebastianring/simulationgame v0.1.45/go.mod h1:cI4vMt19xsWDxGcoDByYxZEeH2GDKlVIqFCt2TVHZRk=
github.com/sebastianring/simulationgame v0.1.46 h1:VE+azE8ckLmKi73m0l/BnUJNb06S5j5kkrcZX6iYcak=
github.com/sebastianring/simulationgame v0.1.46/go.mod h1:cI4vMt19xsWDxGcoDByYxZEeH2GDKlVIqFCt2TVHZRk=
github.com/sebastianring/simulationgame v0.1.47 h1:NSfrhhFRcqGYpFjFjiouskLTLtaYD58uRMsNBJD1ds0=
github.com/sebastianring/simulationgame v0.1.47/go.mod h1:cI4vMt19xsWDxGcoDByYxZEeH2GDKlVIqFCt2TVHZRk=
github.com/sebastianring/simulationgame v0.1.48 h1:DESMvAyy9Ps0tYuyYb/Qstvx6Sm8cfAlKLnc8yW8EwY=
github.com/sebastianring/simulationgame v0.1.48/go.mod h1:cI4vMt19xsWDxGcoDByYxZEeH2GDKlVIqFCt2TVHZRk=
github.com/sebastianring/simulationgame v0.1.50 h1:RuAL/456Ksx2jx+cRlZPm6pJdpUM/ByadoZiUcHmJIc=
github.com/sebastianring/simulationgame v0.1.50/go.mod h1:cI4vMt19xsWDxGcoDByYxZEeH2GDKlVIqFCt2TVHZRk=
