github.com/golang-jwt/jwt/v5 v5.0.0 h1:1n1XNM9hk7O9mnQoNBGolZvzebBQ7p93ULHRc28XJUE=
github.com/golang-jwt/jwt/v5 v5.0.0/go.mod h1:pqrtFR0X4osieyHYxtmOUWsAWrfe1Q5UVIyoH402zdk=
github.com/google/uuid v1.3.1 h1:KjJaJ9iWZ3jOFZIf1Lqf4laDRCasjl0BCmnEGxkdLb4=
github.com/google/uuid v1.3.1/go.mod h1:TIyPZe4MgqvfeYDBFedMoGGpEw/LqOeaOT+nhxU+yHo=
github.com/gorilla/mux v1.8.0 h1:i40aqfkR1h2SlN9hojwV5ZA91wcXFOvkdNIeFDP5koI=
github.com/gorilla/mux v1.8.0/go.mod h1:DVbg23sWSpFRCP0SfiEN6jmj59UnW/n46BH5rLB71So=
github.com/lib/pq v1.10.9 h1:YXG7RB+JIjhP29X+OtkiDnYaXQwpS4JEWq7dtCCRUEw=
github.com/lib/pq v1.10.9/go.mod h1:AlVN5x4E4T544tWzH6hKfbfQvm3HdbOxrmggDNAPY9o=
github.com/sebastianring/simulationgame v0.1.53 h1:ELCZUdctkjPipkGpuBUSfA8ynQEDsmvctBww51FsWdo=
github.com/sebastianring/simulationgame v0.1.53/go.mod h1:cI4vMt19xsWDxGcoDByYxZEeH2GDKlVIqFCt2TVHZRk=
github.com/sebastianring/simulationgame v0.1.54-0.20231008182803-1bc8f15ac5aa h1:aIdHoHgaesPhscpLdUOHoaZd+Zdr5WXT9/9nSw6LJdk=
github.com/sebastianring/simulationgame v0.1.54-0.20231008182803-1bc8f15ac5aa/go.mod h1:cI4vMt19xsWDxGcoDByYxZEeH2GDKlVIqFCt2TVHZRk=
github.com/sebastianring/simulationgame v0.1.54-0.20231008200525-405109dfc92a h1:Gv+hKFIoYOBwblu4lNkVyVJE6Ia104FSVX2ULEcfuq8=
github.com/sebastianring/simulationgame v0.1.54-0.20231008200525-405109dfc92a/go.mod h1:cI4vMt19xsWDxGcoDByYxZEeH2GDKlVIqFCt2TVHZRk=
github.com/sebastianring/simulationgame v0.1.54-0.20231009184703-ab92c6c64c64 h1:nPdTFfB/60KkIqwvd//jTUe/X9pOh6p2O+1aSVxlAWo=
github.com/sebastianring/simulationgame v0.1.54-0.20231009184703-ab92c6c64c64/go.mod h1:cI4vMt19xsWDxGcoDByYxZEeH2GDKlVIqFCt2TVHZRk=
github.com/sebastianring/simulationgame v0.1.54-0.20231106073052-ffc1361454ad h1:36usZ/pb4Ld8Yn3Clbjy8J8H7tJ1WyeLm3kXCZ7Flt0=
github.com/sebastianring/simulationgame v0.1.54-0.20231106073052-ffc1361454ad/go.mod h1:cI4vMt19xsWDxGcoDByYxZEeH2GDKlVIqFCt2TVHZRk=
github.com/sebastianring/simulationgame v0.1.54-0.20231106144453-6899bbb8527e h1:senFpi+cdPW6NoAY4ZT5iZ+hwxvkvnnS1eUSKWT2DYc=
github.com/sebastianring/simulationgame v0.1.54-0.20231106144453-6899bbb8527e/go.mod h1:cI4vMt19xsWDxGcoDByYxZEeH2GDKlVIqFCt2TVHZRk=
github.com/sebastianring/simulationgame v0.1.54-0.20231106193739-de0bdc9f1503 h1:hU3Dyp/VHOYwgIQZSadkAljI4q0N6Xa+xfrUIz41fr8=
github.com/sebastianring/simulationgame v0.1.54-0.20231106193739-de0bdc9f1503/go.mod h1:cI4vMt19xsWDxGcoDByYxZEeH2GDKlVIqFCt2TVHZRk=
